
Microsoft Visual Studio Solution File, Format Version 12.00
# Visual Studio Version 17
VisualStudioVersion = 17.0.31903.59
MinimumVisualStudioVersion = 10.0.40219.1
Project("{FAE04EC0-301F-11D3-BF4B-00C04F79EFBC}") = "Fundo.Applications.WebApi", "Fundo.Applications.WebApi\Fundo.Applications.WebApi.csproj", "{74E9501B-3D70-4E87-8D1D-874F54DBF3F7}"
EndProject
Project("{FAE04EC0-301F-11D3-BF4B-00C04F79EFBC}") = "Fundo.Services.Tests", "Fundo.Services.Tests\Fundo.Services.Tests.csproj", "{2AF827DF-3DE1-4317-8B8E-C0CEED845186}"
EndProject
Project("{FAE04EC0-301F-11D3-BF4B-00C04F79EFBC}") = "Fundo.Domain", "Fundo.Domain\Fundo.Domain.csproj", "{3B5882F7-DFF9-414B-9ABD-241EE4A5EACD}"
EndProject
Project("{FAE04EC0-301F-11D3-BF4B-00C04F79EFBC}") = "Fundo.Infrastructure", "Fundo.Infrastructure\Fundo.Infrastructure.csproj", "{6ECC48D4-0BAA-4457-820D-01845AFB54E0}"
EndProject
Project("{FAE04EC0-301F-11D3-BF4B-00C04F79EFBC}") = "Fundo.Application", "Fundo.Application\Fundo.Application.csproj", "{6742CBD7-6D04-46D4-A828-120A30EB6CAF}"
EndProject
Global
	GlobalSection(SolutionConfigurationPlatforms) = preSolution
		Debug|Any CPU = Debug|Any CPU
		Debug|x64 = Debug|x64
		Debug|x86 = Debug|x86
		Release|Any CPU = Release|Any CPU
		Release|x64 = Release|x64
		Release|x86 = Release|x86
	EndGlobalSection
	GlobalSection(ProjectConfigurationPlatforms) = postSolution
		{74E9501B-3D70-4E87-8D1D-874F54DBF3F7}.Debug|Any CPU.ActiveCfg = Debug|Any CPU
		{74E9501B-3D70-4E87-8D1D-874F54DBF3F7}.Debug|Any CPU.Build.0 = Debug|Any CPU
		{74E9501B-3D70-4E87-8D1D-874F54DBF3F7}.Debug|x64.ActiveCfg = Debug|Any CPU
		{74E9501B-3D70-4E87-8D1D-874F54DBF3F7}.Debug|x64.Build.0 = Debug|Any CPU
		{74E9501B-3D70-4E87-8D1D-874F54DBF3F7}.Debug|x86.ActiveCfg = Debug|Any CPU
		{74E9501B-3D70-4E87-8D1D-874F54DBF3F7}.Debug|x86.Build.0 = Debug|Any CPU
		{74E9501B-3D70-4E87-8D1D-874F54DBF3F7}.Release|Any CPU.ActiveCfg = Release|Any CPU
		{74E9501B-3D70-4E87-8D1D-874F54DBF3F7}.Release|Any CPU.Build.0 = Release|Any CPU
		{74E9501B-3D70-4E87-8D1D-874F54DBF3F7}.Release|x64.ActiveCfg = Release|Any CPU
		{74E9501B-3D70-4E87-8D1D-874F54DBF3F7}.Release|x64.Build.0 = Release|Any CPU
		{74E9501B-3D70-4E87-8D1D-874F54DBF3F7}.Release|x86.ActiveCfg = Release|Any CPU
		{74E9501B-3D70-4E87-8D1D-874F54DBF3F7}.Release|x86.Build.0 = Release|Any CPU
		{2AF827DF-3DE1-4317-8B8E-C0CEED845186}.Debug|Any CPU.ActiveCfg = Debug|Any CPU
		{2AF827DF-3DE1-4317-8B8E-C0CEED845186}.Debug|Any CPU.Build.0 = Debug|Any CPU
		{2AF827DF-3DE1-4317-8B8E-C0CEED845186}.Debug|x64.ActiveCfg = Debug|Any CPU
		{2AF827DF-3DE1-4317-8B8E-C0CEED845186}.Debug|x64.Build.0 = Debug|Any CPU
		{2AF827DF-3DE1-4317-8B8E-C0CEED845186}.Debug|x86.ActiveCfg = Debug|Any CPU
		{2AF827DF-3DE1-4317-8B8E-C0CEED845186}.Debug|x86.Build.0 = Debug|Any CPU
		{2AF827DF-3DE1-4317-8B8E-C0CEED845186}.Release|Any CPU.ActiveCfg = Release|Any CPU
		{2AF827DF-3DE1-4317-8B8E-C0CEED845186}.Release|Any CPU.Build.0 = Release|Any CPU
		{2AF827DF-3DE1-4317-8B8E-C0CEED845186}.Release|x64.ActiveCfg = Release|Any CPU
		{2AF827DF-3DE1-4317-8B8E-C0CEED845186}.Release|x64.Build.0 = Release|Any CPU
		{2AF827DF-3DE1-4317-8B8E-C0CEED845186}.Release|x86.ActiveCfg = Release|Any CPU
		{2AF827DF-3DE1-4317-8B8E-C0CEED845186}.Release|x86.Build.0 = Release|Any CPU
		{3B5882F7-DFF9-414B-9ABD-241EE4A5EACD}.Debug|Any CPU.ActiveCfg = Debug|Any CPU
		{3B5882F7-DFF9-414B-9ABD-241EE4A5EACD}.Debug|Any CPU.Build.0 = Debug|Any CPU
		{3B5882F7-DFF9-414B-9ABD-241EE4A5EACD}.Debug|x64.ActiveCfg = Debug|Any CPU
		{3B5882F7-DFF9-414B-9ABD-241EE4A5EACD}.Debug|x64.Build.0 = Debug|Any CPU
		{3B5882F7-DFF9-414B-9ABD-241EE4A5EACD}.Debug|x86.ActiveCfg = Debug|Any CPU
		{3B5882F7-DFF9-414B-9ABD-241EE4A5EACD}.Debug|x86.Build.0 = Debug|Any CPU
		{3B5882F7-DFF9-414B-9ABD-241EE4A5EACD}.Release|Any CPU.ActiveCfg = Release|Any CPU
		{3B5882F7-DFF9-414B-9ABD-241EE4A5EACD}.Release|Any CPU.Build.0 = Release|Any CPU
		{3B5882F7-DFF9-414B-9ABD-241EE4A5EACD}.Release|x64.ActiveCfg = Release|Any CPU
		{3B5882F7-DFF9-414B-9ABD-241EE4A5EACD}.Release|x64.Build.0 = Release|Any CPU
		{3B5882F7-DFF9-414B-9ABD-241EE4A5EACD}.Release|x86.ActiveCfg = Release|Any CPU
		{3B5882F7-DFF9-414B-9ABD-241EE4A5EACD}.Release|x86.Build.0 = Release|Any CPU
		{6ECC48D4-0BAA-4457-820D-01845AFB54E0}.Debug|Any CPU.ActiveCfg = Debug|Any CPU
		{6ECC48D4-0BAA-4457-820D-01845AFB54E0}.Debug|Any CPU.Build.0 = Debug|Any CPU
		{6ECC48D4-0BAA-4457-820D-01845AFB54E0}.Debug|x64.ActiveCfg = Debug|Any CPU
		{6ECC48D4-0BAA-4457-820D-01845AFB54E0}.Debug|x64.Build.0 = Debug|Any CPU
		{6ECC48D4-0BAA-4457-820D-01845AFB54E0}.Debug|x86.ActiveCfg = Debug|Any CPU
		{6ECC48D4-0BAA-4457-820D-01845AFB54E0}.Debug|x86.Build.0 = Debug|Any CPU
		{6ECC48D4-0BAA-4457-820D-01845AFB54E0}.Release|Any CPU.ActiveCfg = Release|Any CPU
		{6ECC48D4-0BAA-4457-820D-01845AFB54E0}.Release|Any CPU.Build.0 = Release|Any CPU
		{6ECC48D4-0BAA-4457-820D-01845AFB54E0}.Release|x64.ActiveCfg = Release|Any CPU
		{6ECC48D4-0BAA-4457-820D-01845AFB54E0}.Release|x64.Build.0 = Release|Any CPU
		{6ECC48D4-0BAA-4457-820D-01845AFB54E0}.Release|x86.ActiveCfg = Release|Any CPU
		{6ECC48D4-0BAA-4457-820D-01845AFB54E0}.Release|x86.Build.0 = Release|Any CPU
		{6742CBD7-6D04-46D4-A828-120A30EB6CAF}.Debug|Any CPU.ActiveCfg = Debug|Any CPU
		{6742CBD7-6D04-46D4-A828-120A30EB6CAF}.Debug|Any CPU.Build.0 = Debug|Any CPU
		{6742CBD7-6D04-46D4-A828-120A30EB6CAF}.Debug|x64.ActiveCfg = Debug|Any CPU
		{6742CBD7-6D04-46D4-A828-120A30EB6CAF}.Debug|x64.Build.0 = Debug|Any CPU
		{6742CBD7-6D04-46D4-A828-120A30EB6CAF}.Debug|x86.ActiveCfg = Debug|Any CPU
		{6742CBD7-6D04-46D4-A828-120A30EB6CAF}.Debug|x86.Build.0 = Debug|Any CPU
		{6742CBD7-6D04-46D4-A828-120A30EB6CAF}.Release|Any CPU.ActiveCfg = Release|Any CPU
		{6742CBD7-6D04-46D4-A828-120A30EB6CAF}.Release|Any CPU.Build.0 = Release|Any CPU
		{6742CBD7-6D04-46D4-A828-120A30EB6CAF}.Release|x64.ActiveCfg = Release|Any CPU
		{6742CBD7-6D04-46D4-A828-120A30EB6CAF}.Release|x64.Build.0 = Release|Any CPU
		{6742CBD7-6D04-46D4-A828-120A30EB6CAF}.Release|x86.ActiveCfg = Release|Any CPU
		{6742CBD7-6D04-46D4-A828-120A30EB6CAF}.Release|x86.Build.0 = Release|Any CPU
	EndGlobalSection
	GlobalSection(SolutionProperties) = preSolution
		HideSolutionNode = FALSE
	EndGlobalSection
EndGlobal
